
Microsoft Visual Studio Solution File, Format Version 12.00
# Visual Studio Version 16
VisualStudioVersion = 16.0.29709.97
MinimumVisualStudioVersion = 10.0.40219.1
Project("{9A19103F-16F7-4668-BE54-9A1E7A4F7556}") = "HolidayOptimizer.Core", "HolidayOptimizer.Core\HolidayOptimizer.Core.csproj", "{3051DC1A-2839-4595-A492-905973C037A0}"
EndProject
Project("{9A19103F-16F7-4668-BE54-9A1E7A4F7556}") = "HolidayOptimizer.Test", "HolidayOptimizer.Test\HolidayOptimizer.Test.csproj", "{92DA3D86-8C97-4087-8E97-167D30400566}"
EndProject
Project("{9A19103F-16F7-4668-BE54-9A1E7A4F7556}") = "HolidayOptimizer.WebAPI", "HolidayOptimizer.WebAPI\HolidayOptimizer.WebAPI.csproj", "{6FCED8C6-DA07-49FB-8B47-D4B6CD5EA509}"
EndProject
Global
	GlobalSection(SolutionConfigurationPlatforms) = preSolution
		Debug|Any CPU = Debug|Any CPU
		Release|Any CPU = Release|Any CPU
	EndGlobalSection
	GlobalSection(ProjectConfigurationPlatforms) = postSolution
		{3051DC1A-2839-4595-A492-905973C037A0}.Debug|Any CPU.ActiveCfg = Debug|Any CPU
		{3051DC1A-2839-4595-A492-905973C037A0}.Debug|Any CPU.Build.0 = Debug|Any CPU
		{3051DC1A-2839-4595-A492-905973C037A0}.Release|Any CPU.ActiveCfg = Release|Any CPU
		{3051DC1A-2839-4595-A492-905973C037A0}.Release|Any CPU.Build.0 = Release|Any CPU
		{92DA3D86-8C97-4087-8E97-167D30400566}.Debug|Any CPU.ActiveCfg = Debug|Any CPU
		{92DA3D86-8C97-4087-8E97-167D30400566}.Debug|Any CPU.Build.0 = Debug|Any CPU
		{92DA3D86-8C97-4087-8E97-167D30400566}.Release|Any CPU.ActiveCfg = Release|Any CPU
		{92DA3D86-8C97-4087-8E97-167D30400566}.Release|Any CPU.Build.0 = Release|Any CPU
		{6FCED8C6-DA07-49FB-8B47-D4B6CD5EA509}.Debug|Any CPU.ActiveCfg = Debug|Any CPU
		{6FCED8C6-DA07-49FB-8B47-D4B6CD5EA509}.Debug|Any CPU.Build.0 = Debug|Any CPU
		{6FCED8C6-DA07-49FB-8B47-D4B6CD5EA509}.Release|Any CPU.ActiveCfg = Release|Any CPU
		{6FCED8C6-DA07-49FB-8B47-D4B6CD5EA509}.Release|Any CPU.Build.0 = Release|Any CPU
	EndGlobalSection
	GlobalSection(SolutionProperties) = preSolution
		HideSolutionNode = FALSE
	EndGlobalSection
	GlobalSection(ExtensibilityGlobals) = postSolution
		SolutionGuid = {EF1632B9-610A-467B-868A-B5FC3A18D4FC}
	EndGlobalSection
EndGlobal
